
Microsoft Visual Studio Solution File, Format Version 12.00
# Visual Studio Version 17
VisualStudioVersion = 17.2.32630.192
MinimumVisualStudioVersion = 10.0.40219.1
Project("{FAE04EC0-301F-11D3-BF4B-00C04F79EFBC}") = "Dropdown_Menu_WPF", "Dropdown_Menu_WPF\Dropdown_Menu_WPF.csproj", "{C1EA1607-52CC-4E89-9EC1-94BD117FD82F}"
EndProject
Global
	GlobalSection(SolutionConfigurationPlatforms) = preSolution
		Debug|Any CPU = Debug|Any CPU
		Release|Any CPU = Release|Any CPU
	EndGlobalSection
	GlobalSection(ProjectConfigurationPlatforms) = postSolution
		{C1EA1607-52CC-4E89-9EC1-94BD117FD82F}.Debug|Any CPU.ActiveCfg = Debug|Any CPU
		{C1EA1607-52CC-4E89-9EC1-94BD117FD82F}.Debug|Any CPU.Build.0 = Debug|Any CPU
		{C1EA1607-52CC-4E89-9EC1-94BD117FD82F}.Release|Any CPU.ActiveCfg = Release|Any CPU
		{C1EA1607-52CC-4E89-9EC1-94BD117FD82F}.Release|Any CPU.Build.0 = Release|Any CPU
	EndGlobalSection
	GlobalSection(SolutionProperties) = preSolution
		HideSolutionNode = FALSE
	EndGlobalSection
	GlobalSection(ExtensibilityGlobals) = postSolution
		SolutionGuid = {7586CE46-B161-40C0-B6E2-4C52D93F3807}
	EndGlobalSection
EndGlobal
